// !$*UTF8*$!
{
	archiveVersion = 1;
	classes = {
	};
	objectVersion = 46;
	objects = {

/* Begin PBXBuildFile section */
		3602CC241A6591AD00E5EF81 /* ErrorManager.h in Headers */ = {isa = PBXBuildFile; fileRef = 3602CC231A6591AD00E5EF81 /* ErrorManager.h */; settings = {ATTRIBUTES = (Public, ); }; };
		3602CC2A1A6591AD00E5EF81 /* ErrorManager.framework in Frameworks */ = {isa = PBXBuildFile; fileRef = 3602CC1E1A6591AD00E5EF81 /* ErrorManager.framework */; };
		3602CC311A6591AD00E5EF81 /* ErrorManagerTests.swift in Sources */ = {isa = PBXBuildFile; fileRef = 3602CC301A6591AD00E5EF81 /* ErrorManagerTests.swift */; };
/* End PBXBuildFile section */

/* Begin PBXContainerItemProxy section */
		3602CC2B1A6591AD00E5EF81 /* PBXContainerItemProxy */ = {
			isa = PBXContainerItemProxy;
			containerPortal = 3602CC151A6591AD00E5EF81 /* Project object */;
			proxyType = 1;
			remoteGlobalIDString = 3602CC1D1A6591AD00E5EF81;
			remoteInfo = ErrorManager;
		};
/* End PBXContainerItemProxy section */

/* Begin PBXFileReference section */
		3602CC1E1A6591AD00E5EF81 /* ErrorManager.framework */ = {isa = PBXFileReference; explicitFileType = wrapper.framework; includeInIndex = 0; path = ErrorManager.framework; sourceTree = BUILT_PRODUCTS_DIR; };
		3602CC221A6591AD00E5EF81 /* Info.plist */ = {isa = PBXFileReference; lastKnownFileType = text.plist.xml; path = Info.plist; sourceTree = "<group>"; };
		3602CC231A6591AD00E5EF81 /* ErrorManager.h */ = {isa = PBXFileReference; lastKnownFileType = sourcecode.c.h; path = ErrorManager.h; sourceTree = "<group>"; };
		3602CC291A6591AD00E5EF81 /* ErrorManagerTests.xctest */ = {isa = PBXFileReference; explicitFileType = wrapper.cfbundle; includeInIndex = 0; path = ErrorManagerTests.xctest; sourceTree = BUILT_PRODUCTS_DIR; };
		3602CC2F1A6591AD00E5EF81 /* Info.plist */ = {isa = PBXFileReference; lastKnownFileType = text.plist.xml; path = Info.plist; sourceTree = "<group>"; };
		3602CC301A6591AD00E5EF81 /* ErrorManagerTests.swift */ = {isa = PBXFileReference; lastKnownFileType = sourcecode.swift; path = ErrorManagerTests.swift; sourceTree = "<group>"; };
/* End PBXFileReference section */

/* Begin PBXFrameworksBuildPhase section */
		3602CC1A1A6591AD00E5EF81 /* Frameworks */ = {
			isa = PBXFrameworksBuildPhase;
			buildActionMask = 2147483647;
			files = (
			);
			runOnlyForDeploymentPostprocessing = 0;
		};
		3602CC261A6591AD00E5EF81 /* Frameworks */ = {
			isa = PBXFrameworksBuildPhase;
			buildActionMask = 2147483647;
			files = (
				3602CC2A1A6591AD00E5EF81 /* ErrorManager.framework in Frameworks */,
			);
			runOnlyForDeploymentPostprocessing = 0;
		};
/* End PBXFrameworksBuildPhase section */

/* Begin PBXGroup section */
		3602CC141A6591AD00E5EF81 = {
			isa = PBXGroup;
			children = (
				3602CC201A6591AD00E5EF81 /* ErrorManager */,
				3602CC2D1A6591AD00E5EF81 /* ErrorManagerTests */,
				3602CC1F1A6591AD00E5EF81 /* Products */,
			);
			sourceTree = "<group>";
		};
		3602CC1F1A6591AD00E5EF81 /* Products */ = {
			isa = PBXGroup;
			children = (
				3602CC1E1A6591AD00E5EF81 /* ErrorManager.framework */,
				3602CC291A6591AD00E5EF81 /* ErrorManagerTests.xctest */,
			);
			name = Products;
			sourceTree = "<group>";
		};
		3602CC201A6591AD00E5EF81 /* ErrorManager */ = {
			isa = PBXGroup;
			children = (
				3602CC231A6591AD00E5EF81 /* ErrorManager.h */,
				3602CC211A6591AD00E5EF81 /* Supporting Files */,
			);
			path = ErrorManager;
			sourceTree = "<group>";
		};
		3602CC211A6591AD00E5EF81 /* Supporting Files */ = {
			isa = PBXGroup;
			children = (
				3602CC221A6591AD00E5EF81 /* Info.plist */,
			);
			name = "Supporting Files";
			sourceTree = "<group>";
		};
		3602CC2D1A6591AD00E5EF81 /* ErrorManagerTests */ = {
			isa = PBXGroup;
			children = (
				3602CC301A6591AD00E5EF81 /* ErrorManagerTests.swift */,
				3602CC2E1A6591AD00E5EF81 /* Supporting Files */,
			);
			path = ErrorManagerTests;
			sourceTree = "<group>";
		};
		3602CC2E1A6591AD00E5EF81 /* Supporting Files */ = {
			isa = PBXGroup;
			children = (
				3602CC2F1A6591AD00E5EF81 /* Info.plist */,
			);
			name = "Supporting Files";
			sourceTree = "<group>";
		};
/* End PBXGroup section */

/* Begin PBXHeadersBuildPhase section */
		3602CC1B1A6591AD00E5EF81 /* Headers */ = {
			isa = PBXHeadersBuildPhase;
			buildActionMask = 2147483647;
			files = (
				3602CC241A6591AD00E5EF81 /* ErrorManager.h in Headers */,
			);
			runOnlyForDeploymentPostprocessing = 0;
		};
/* End PBXHeadersBuildPhase section */

/* Begin PBXNativeTarget section */
		3602CC1D1A6591AD00E5EF81 /* ErrorManager */ = {
			isa = PBXNativeTarget;
			buildConfigurationList = 3602CC341A6591AD00E5EF81 /* Build configuration list for PBXNativeTarget "ErrorManager" */;
			buildPhases = (
				3602CC191A6591AD00E5EF81 /* Sources */,
				3602CC1A1A6591AD00E5EF81 /* Frameworks */,
				3602CC1B1A6591AD00E5EF81 /* Headers */,
				3602CC1C1A6591AD00E5EF81 /* Resources */,
			);
			buildRules = (
			);
			dependencies = (
			);
			name = ErrorManager;
			productName = ErrorManager;
			productReference = 3602CC1E1A6591AD00E5EF81 /* ErrorManager.framework */;
			productType = "com.apple.product-type.framework";
		};
		3602CC281A6591AD00E5EF81 /* ErrorManagerTests */ = {
			isa = PBXNativeTarget;
			buildConfigurationList = 3602CC371A6591AD00E5EF81 /* Build configuration list for PBXNativeTarget "ErrorManagerTests" */;
			buildPhases = (
				3602CC251A6591AD00E5EF81 /* Sources */,
				3602CC261A6591AD00E5EF81 /* Frameworks */,
				3602CC271A6591AD00E5EF81 /* Resources */,
			);
			buildRules = (
			);
			dependencies = (
				3602CC2C1A6591AD00E5EF81 /* PBXTargetDependency */,
			);
			name = ErrorManagerTests;
			productName = ErrorManagerTests;
			productReference = 3602CC291A6591AD00E5EF81 /* ErrorManagerTests.xctest */;
			productType = "com.apple.product-type.bundle.unit-test";
		};
/* End PBXNativeTarget section */

/* Begin PBXProject section */
		3602CC151A6591AD00E5EF81 /* Project object */ = {
			isa = PBXProject;
			attributes = {
				LastUpgradeCheck = 0620;
				ORGANIZATIONNAME = "Y Media Labs";
				TargetAttributes = {
					3602CC1D1A6591AD00E5EF81 = {
						CreatedOnToolsVersion = 6.2;
					};
					3602CC281A6591AD00E5EF81 = {
						CreatedOnToolsVersion = 6.2;
					};
				};
			};
			buildConfigurationList = 3602CC181A6591AD00E5EF81 /* Build configuration list for PBXProject "ErrorManager" */;
			compatibilityVersion = "Xcode 3.2";
			developmentRegion = English;
			hasScannedForEncodings = 0;
			knownRegions = (
				en,
			);
			mainGroup = 3602CC141A6591AD00E5EF81;
			productRefGroup = 3602CC1F1A6591AD00E5EF81 /* Products */;
			projectDirPath = "";
			projectRoot = "";
			targets = (
				3602CC1D1A6591AD00E5EF81 /* ErrorManager */,
				3602CC281A6591AD00E5EF81 /* ErrorManagerTests */,
			);
		};
/* End PBXProject section */

/* Begin PBXResourcesBuildPhase section */
		3602CC1C1A6591AD00E5EF81 /* Resources */ = {
			isa = PBXResourcesBuildPhase;
			buildActionMask = 2147483647;
			files = (
			);
			runOnlyForDeploymentPostprocessing = 0;
		};
		3602CC271A6591AD00E5EF81 /* Resources */ = {
			isa = PBXResourcesBuildPhase;
			buildActionMask = 2147483647;
			files = (
			);
			runOnlyForDeploymentPostprocessing = 0;
		};
/* End PBXResourcesBuildPhase section */

/* Begin PBXSourcesBuildPhase section */
		3602CC191A6591AD00E5EF81 /* Sources */ = {
			isa = PBXSourcesBuildPhase;
			buildActionMask = 2147483647;
			files = (
			);
			runOnlyForDeploymentPostprocessing = 0;
		};
		3602CC251A6591AD00E5EF81 /* Sources */ = {
			isa = PBXSourcesBuildPhase;
			buildActionMask = 2147483647;
			files = (
				3602CC311A6591AD00E5EF81 /* ErrorManagerTests.swift in Sources */,
			);
			runOnlyForDeploymentPostprocessing = 0;
		};
/* End PBXSourcesBuildPhase section */

/* Begin PBXTargetDependency section */
		3602CC2C1A6591AD00E5EF81 /* PBXTargetDependency */ = {
			isa = PBXTargetDependency;
			target = 3602CC1D1A6591AD00E5EF81 /* ErrorManager */;
			targetProxy = 3602CC2B1A6591AD00E5EF81 /* PBXContainerItemProxy */;
		};
/* End PBXTargetDependency section */

/* Begin XCBuildConfiguration section */
		3602CC321A6591AD00E5EF81 /* Debug */ = {
			isa = XCBuildConfiguration;
			buildSettings = {
				ALWAYS_SEARCH_USER_PATHS = NO;
				CLANG_CXX_LANGUAGE_STANDARD = "gnu++0x";
				CLANG_CXX_LIBRARY = "libc++";
				CLANG_ENABLE_MODULES = YES;
				CLANG_ENABLE_OBJC_ARC = YES;
				CLANG_WARN_BOOL_CONVERSION = YES;
				CLANG_WARN_CONSTANT_CONVERSION = YES;
				CLANG_WARN_DIRECT_OBJC_ISA_USAGE = YES_ERROR;
				CLANG_WARN_EMPTY_BODY = YES;
				CLANG_WARN_ENUM_CONVERSION = YES;
				CLANG_WARN_INT_CONVERSION = YES;
				CLANG_WARN_OBJC_ROOT_CLASS = YES_ERROR;
				CLANG_WARN_UNREACHABLE_CODE = YES;
				CLANG_WARN__DUPLICATE_METHOD_MATCH = YES;
				"CODE_SIGN_IDENTITY[sdk=iphoneos*]" = "iPhone Developer";
				COPY_PHASE_STRIP = NO;
				CURRENT_PROJECT_VERSION = 1;
				ENABLE_STRICT_OBJC_MSGSEND = YES;
				GCC_C_LANGUAGE_STANDARD = gnu99;
				GCC_DYNAMIC_NO_PIC = NO;
				GCC_OPTIMIZATION_LEVEL = 0;
				GCC_PREPROCESSOR_DEFINITIONS = (
					"DEBUG=1",
					"$(inherited)",
				);
				GCC_SYMBOLS_PRIVATE_EXTERN = NO;
				GCC_WARN_64_TO_32_BIT_CONVERSION = YES;
				GCC_WARN_ABOUT_RETURN_TYPE = YES_ERROR;
				GCC_WARN_UNDECLARED_SELECTOR = YES;
				GCC_WARN_UNINITIALIZED_AUTOS = YES_AGGRESSIVE;
				GCC_WARN_UNUSED_FUNCTION = YES;
				GCC_WARN_UNUSED_VARIABLE = YES;
				IPHONEOS_DEPLOYMENT_TARGET = 8.2;
				MTL_ENABLE_DEBUG_INFO = YES;
				ONLY_ACTIVE_ARCH = YES;
				SDKROOT = iphoneos;
				SWIFT_OPTIMIZATION_LEVEL = "-Onone";
				TARGETED_DEVICE_FAMILY = "1,2";
				VERSIONING_SYSTEM = "apple-generic";
				VERSION_INFO_PREFIX = "";
			};
			name = Debug;
		};
		3602CC331A6591AD00E5EF81 /* Release */ = {
			isa = XCBuildConfiguration;
			buildSettings = {
				ALWAYS_SEARCH_USER_PATHS = NO;
				CLANG_CXX_LANGUAGE_STANDARD = "gnu++0x";
				CLANG_CXX_LIBRARY = "libc++";
				CLANG_ENABLE_MODULES = YES;
				CLANG_ENABLE_OBJC_ARC = YES;
				CLANG_WARN_BOOL_CONVERSION = YES;
				CLANG_WARN_CONSTANT_CONVERSION = YES;
				CLANG_WARN_DIRECT_OBJC_ISA_USAGE = YES_ERROR;
				CLANG_WARN_EMPTY_BODY = YES;
				CLANG_WARN_ENUM_CONVERSION = YES;
				CLANG_WARN_INT_CONVERSION = YES;
				CLANG_WARN_OBJC_ROOT_CLASS = YES_ERROR;
				CLANG_WARN_UNREACHABLE_CODE = YES;
				CLANG_WARN__DUPLICATE_METHOD_MATCH = YES;
				"CODE_SIGN_IDENTITY[sdk=iphoneos*]" = "iPhone Developer";
				COPY_PHASE_STRIP = NO;
				CURRENT_PROJECT_VERSION = 1;
				ENABLE_NS_ASSERTIONS = NO;
				ENABLE_STRICT_OBJC_MSGSEND = YES;
				GCC_C_LANGUAGE_STANDARD = gnu99;
				GCC_WARN_64_TO_32_BIT_CONVERSION = YES;
				GCC_WARN_ABOUT_RETURN_TYPE = YES_ERROR;
				GCC_WARN_UNDECLARED_SELECTOR = YES;
				GCC_WARN_UNINITIALIZED_AUTOS = YES_AGGRESSIVE;
				GCC_WARN_UNUSED_FUNCTION = YES;
				GCC_WARN_UNUSED_VARIABLE = YES;
				IPHONEOS_DEPLOYMENT_TARGET = 8.2;
				MTL_ENABLE_DEBUG_INFO = NO;
				SDKROOT = iphoneos;
				TARGETED_DEVICE_FAMILY = "1,2";
				VALIDATE_PRODUCT = YES;
				VERSIONING_SYSTEM = "apple-generic";
				VERSION_INFO_PREFIX = "";
			};
			name = Release;
		};
		3602CC351A6591AD00E5EF81 /* Debug */ = {
			isa = XCBuildConfiguration;
			buildSettings = {
				DEFINES_MODULE = YES;
				DYLIB_COMPATIBILITY_VERSION = 1;
				DYLIB_CURRENT_VERSION = 1;
				DYLIB_INSTALL_NAME_BASE = "@rpath";
				INFOPLIST_FILE = ErrorManager/Info.plist;
				INSTALL_PATH = "$(LOCAL_LIBRARY_DIR)/Frameworks";
				LD_RUNPATH_SEARCH_PATHS = "$(inherited) @executable_path/Frameworks @loader_path/Frameworks";
				PRODUCT_NAME = "$(TARGET_NAME)";
				SKIP_INSTALL = YES;
			};
			name = Debug;
		};
		3602CC361A6591AD00E5EF81 /* Release */ = {
			isa = XCBuildConfiguration;
			buildSettings = {
				DEFINES_MODULE = YES;
				DYLIB_COMPATIBILITY_VERSION = 1;
				DYLIB_CURRENT_VERSION = 1;
				DYLIB_INSTALL_NAME_BASE = "@rpath";
				INFOPLIST_FILE = ErrorManager/Info.plist;
				INSTALL_PATH = "$(LOCAL_LIBRARY_DIR)/Frameworks";
				LD_RUNPATH_SEARCH_PATHS = "$(inherited) @executable_path/Frameworks @loader_path/Frameworks";
				PRODUCT_NAME = "$(TARGET_NAME)";
				SKIP_INSTALL = YES;
			};
			name = Release;
		};
		3602CC381A6591AD00E5EF81 /* Debug */ = {
			isa = XCBuildConfiguration;
			buildSettings = {
				FRAMEWORK_SEARCH_PATHS = (
					"$(SDKROOT)/Developer/Library/Frameworks",
					"$(inherited)",
				);
				GCC_PREPROCESSOR_DEFINITIONS = (
					"DEBUG=1",
					"$(inherited)",
				);
				INFOPLIST_FILE = ErrorManagerTests/Info.plist;
				LD_RUNPATH_SEARCH_PATHS = "$(inherited) @executable_path/Frameworks @loader_path/Frameworks";
				PRODUCT_NAME = "$(TARGET_NAME)";
			};
			name = Debug;
		};
		3602CC391A6591AD00E5EF81 /* Release */ = {
			isa = XCBuildConfiguration;
			buildSettings = {
				FRAMEWORK_SEARCH_PATHS = (
					"$(SDKROOT)/Developer/Library/Frameworks",
					"$(inherited)",
				);
				INFOPLIST_FILE = ErrorManagerTests/Info.plist;
				LD_RUNPATH_SEARCH_PATHS = "$(inherited) @executable_path/Frameworks @loader_path/Frameworks";
				PRODUCT_NAME = "$(TARGET_NAME)";
			};
			name = Release;
		};
/* End XCBuildConfiguration section */

/* Begin XCConfigurationList section */
		3602CC181A6591AD00E5EF81 /* Build configuration list for PBXProject "ErrorManager" */ = {
			isa = XCConfigurationList;
			buildConfigurations = (
				3602CC321A6591AD00E5EF81 /* Debug */,
				3602CC331A6591AD00E5EF81 /* Release */,
			);
			defaultConfigurationIsVisible = 0;
			defaultConfigurationName = Release;
		};
		3602CC341A6591AD00E5EF81 /* Build configuration list for PBXNativeTarget "ErrorManager" */ = {
			isa = XCConfigurationList;
			buildConfigurations = (
				3602CC351A6591AD00E5EF81 /* Debug */,
				3602CC361A6591AD00E5EF81 /* Release */,
			);
			defaultConfigurationIsVisible = 0;
		};
		3602CC371A6591AD00E5EF81 /* Build configuration list for PBXNativeTarget "ErrorManagerTests" */ = {
			isa = XCConfigurationList;
			buildConfigurations = (
				3602CC381A6591AD00E5EF81 /* Debug */,
				3602CC391A6591AD00E5EF81 /* Release */,
			);
			defaultConfigurationIsVisible = 0;
		};
/* End XCConfigurationList section */
	};
	rootObject = 3602CC151A6591AD00E5EF81 /* Project object */;
}
